
Microsoft Visual Studio Solution File, Format Version 12.00
Project("{FAE04EC0-301F-11D3-BF4B-00C04F79EFBC}") = "Vega", "Vega\Vega.csproj", "{DDEE4E71-2178-4EAE-B946-3898B89CEB31}"
EndProject
Global
	GlobalSection(SolutionConfigurationPlatforms) = preSolution
		Debug|Any CPU = Debug|Any CPU
		Release|Any CPU = Release|Any CPU
	EndGlobalSection
	GlobalSection(ProjectConfigurationPlatforms) = postSolution
		{DDEE4E71-2178-4EAE-B946-3898B89CEB31}.Debug|Any CPU.ActiveCfg = Debug|Any CPU
		{DDEE4E71-2178-4EAE-B946-3898B89CEB31}.Debug|Any CPU.Build.0 = Debug|Any CPU
		{DDEE4E71-2178-4EAE-B946-3898B89CEB31}.Release|Any CPU.ActiveCfg = Release|Any CPU
		{DDEE4E71-2178-4EAE-B946-3898B89CEB31}.Release|Any CPU.Build.0 = Release|Any CPU
	EndGlobalSection
EndGlobal
